
Microsoft Visual Studio Solution File, Format Version 12.00
# Visual Studio Version 16
VisualStudioVersion = 16.0.30503.244
MinimumVisualStudioVersion = 10.0.40219.1
Project("{FAE04EC0-301F-11D3-BF4B-00C04F79EFBC}") = "XamarinShapes.Android", "XamarinShapes\XamarinShapes.Android\XamarinShapes.Android.csproj", "{4584F541-6C00-4D68-ADE5-2CE717A66F7F}"
EndProject
Project("{FAE04EC0-301F-11D3-BF4B-00C04F79EFBC}") = "XamarinShapes.iOS", "XamarinShapes\XamarinShapes.iOS\XamarinShapes.iOS.csproj", "{6D7A625F-D0D5-47B2-8B6B-6A854FD252F9}"
EndProject
Project("{FAE04EC0-301F-11D3-BF4B-00C04F79EFBC}") = "XamarinShapes", "XamarinShapes\XamarinShapes\XamarinShapes.csproj", "{5AE172F6-B582-4573-B409-8E3D7E82830B}"
EndProject
Global
	GlobalSection(SolutionConfigurationPlatforms) = preSolution
		Debug|Any CPU = Debug|Any CPU
		Debug|iPhone = Debug|iPhone
		Debug|iPhoneSimulator = Debug|iPhoneSimulator
		Release|Any CPU = Release|Any CPU
		Release|iPhone = Release|iPhone
		Release|iPhoneSimulator = Release|iPhoneSimulator
	EndGlobalSection
	GlobalSection(ProjectConfigurationPlatforms) = postSolution
		{4584F541-6C00-4D68-ADE5-2CE717A66F7F}.Debug|Any CPU.ActiveCfg = Debug|Any CPU
		{4584F541-6C00-4D68-ADE5-2CE717A66F7F}.Debug|Any CPU.Build.0 = Debug|Any CPU
		{4584F541-6C00-4D68-ADE5-2CE717A66F7F}.Debug|Any CPU.Deploy.0 = Debug|Any CPU
		{4584F541-6C00-4D68-ADE5-2CE717A66F7F}.Debug|iPhone.ActiveCfg = Debug|Any CPU
		{4584F541-6C00-4D68-ADE5-2CE717A66F7F}.Debug|iPhone.Build.0 = Debug|Any CPU
		{4584F541-6C00-4D68-ADE5-2CE717A66F7F}.Debug|iPhone.Deploy.0 = Debug|Any CPU
		{4584F541-6C00-4D68-ADE5-2CE717A66F7F}.Debug|iPhoneSimulator.ActiveCfg = Debug|Any CPU
		{4584F541-6C00-4D68-ADE5-2CE717A66F7F}.Debug|iPhoneSimulator.Build.0 = Debug|Any CPU
		{4584F541-6C00-4D68-ADE5-2CE717A66F7F}.Debug|iPhoneSimulator.Deploy.0 = Debug|Any CPU
		{4584F541-6C00-4D68-ADE5-2CE717A66F7F}.Release|Any CPU.ActiveCfg = Release|Any CPU
		{4584F541-6C00-4D68-ADE5-2CE717A66F7F}.Release|Any CPU.Build.0 = Release|Any CPU
		{4584F541-6C00-4D68-ADE5-2CE717A66F7F}.Release|Any CPU.Deploy.0 = Release|Any CPU
		{4584F541-6C00-4D68-ADE5-2CE717A66F7F}.Release|iPhone.ActiveCfg = Release|Any CPU
		{4584F541-6C00-4D68-ADE5-2CE717A66F7F}.Release|iPhone.Build.0 = Release|Any CPU
		{4584F541-6C00-4D68-ADE5-2CE717A66F7F}.Release|iPhone.Deploy.0 = Release|Any CPU
		{4584F541-6C00-4D68-ADE5-2CE717A66F7F}.Release|iPhoneSimulator.ActiveCfg = Release|Any CPU
		{4584F541-6C00-4D68-ADE5-2CE717A66F7F}.Release|iPhoneSimulator.Build.0 = Release|Any CPU
		{4584F541-6C00-4D68-ADE5-2CE717A66F7F}.Release|iPhoneSimulator.Deploy.0 = Release|Any CPU
		{6D7A625F-D0D5-47B2-8B6B-6A854FD252F9}.Debug|Any CPU.ActiveCfg = Debug|iPhone
		{6D7A625F-D0D5-47B2-8B6B-6A854FD252F9}.Debug|Any CPU.Build.0 = Debug|iPhone
		{6D7A625F-D0D5-47B2-8B6B-6A854FD252F9}.Debug|Any CPU.Deploy.0 = Debug|iPhone
		{6D7A625F-D0D5-47B2-8B6B-6A854FD252F9}.Debug|iPhone.ActiveCfg = Debug|iPhone
		{6D7A625F-D0D5-47B2-8B6B-6A854FD252F9}.Debug|iPhone.Build.0 = Debug|iPhone
		{6D7A625F-D0D5-47B2-8B6B-6A854FD252F9}.Debug|iPhone.Deploy.0 = Debug|iPhone
		{6D7A625F-D0D5-47B2-8B6B-6A854FD252F9}.Debug|iPhoneSimulator.ActiveCfg = Debug|iPhoneSimulator
		{6D7A625F-D0D5-47B2-8B6B-6A854FD252F9}.Debug|iPhoneSimulator.Build.0 = Debug|iPhoneSimulator
		{6D7A625F-D0D5-47B2-8B6B-6A854FD252F9}.Debug|iPhoneSimulator.Deploy.0 = Debug|iPhoneSimulator
		{6D7A625F-D0D5-47B2-8B6B-6A854FD252F9}.Release|Any CPU.ActiveCfg = Release|iPhoneSimulator
		{6D7A625F-D0D5-47B2-8B6B-6A854FD252F9}.Release|Any CPU.Build.0 = Release|iPhoneSimulator
		{6D7A625F-D0D5-47B2-8B6B-6A854FD252F9}.Release|Any CPU.Deploy.0 = Release|iPhoneSimulator
		{6D7A625F-D0D5-47B2-8B6B-6A854FD252F9}.Release|iPhone.ActiveCfg = Release|iPhone
		{6D7A625F-D0D5-47B2-8B6B-6A854FD252F9}.Release|iPhone.Build.0 = Release|iPhone
		{6D7A625F-D0D5-47B2-8B6B-6A854FD252F9}.Release|iPhone.Deploy.0 = Release|iPhone
		{6D7A625F-D0D5-47B2-8B6B-6A854FD252F9}.Release|iPhoneSimulator.ActiveCfg = Release|iPhoneSimulator
		{6D7A625F-D0D5-47B2-8B6B-6A854FD252F9}.Release|iPhoneSimulator.Build.0 = Release|iPhoneSimulator
		{6D7A625F-D0D5-47B2-8B6B-6A854FD252F9}.Release|iPhoneSimulator.Deploy.0 = Release|iPhoneSimulator
		{5AE172F6-B582-4573-B409-8E3D7E82830B}.Debug|Any CPU.ActiveCfg = Debug|Any CPU
		{5AE172F6-B582-4573-B409-8E3D7E82830B}.Debug|Any CPU.Build.0 = Debug|Any CPU
		{5AE172F6-B582-4573-B409-8E3D7E82830B}.Debug|Any CPU.Deploy.0 = Debug|Any CPU
		{5AE172F6-B582-4573-B409-8E3D7E82830B}.Debug|iPhone.ActiveCfg = Debug|Any CPU
		{5AE172F6-B582-4573-B409-8E3D7E82830B}.Debug|iPhone.Build.0 = Debug|Any CPU
		{5AE172F6-B582-4573-B409-8E3D7E82830B}.Debug|iPhone.Deploy.0 = Debug|Any CPU
		{5AE172F6-B582-4573-B409-8E3D7E82830B}.Debug|iPhoneSimulator.ActiveCfg = Debug|Any CPU
		{5AE172F6-B582-4573-B409-8E3D7E82830B}.Debug|iPhoneSimulator.Build.0 = Debug|Any CPU
		{5AE172F6-B582-4573-B409-8E3D7E82830B}.Debug|iPhoneSimulator.Deploy.0 = Debug|Any CPU
		{5AE172F6-B582-4573-B409-8E3D7E82830B}.Release|Any CPU.ActiveCfg = Release|Any CPU
		{5AE172F6-B582-4573-B409-8E3D7E82830B}.Release|Any CPU.Build.0 = Release|Any CPU
		{5AE172F6-B582-4573-B409-8E3D7E82830B}.Release|Any CPU.Deploy.0 = Release|Any CPU
		{5AE172F6-B582-4573-B409-8E3D7E82830B}.Release|iPhone.ActiveCfg = Release|Any CPU
		{5AE172F6-B582-4573-B409-8E3D7E82830B}.Release|iPhone.Build.0 = Release|Any CPU
		{5AE172F6-B582-4573-B409-8E3D7E82830B}.Release|iPhone.Deploy.0 = Release|Any CPU
		{5AE172F6-B582-4573-B409-8E3D7E82830B}.Release|iPhoneSimulator.ActiveCfg = Release|Any CPU
		{5AE172F6-B582-4573-B409-8E3D7E82830B}.Release|iPhoneSimulator.Build.0 = Release|Any CPU
		{5AE172F6-B582-4573-B409-8E3D7E82830B}.Release|iPhoneSimulator.Deploy.0 = Release|Any CPU
	EndGlobalSection
	GlobalSection(SolutionProperties) = preSolution
		HideSolutionNode = FALSE
	EndGlobalSection
	GlobalSection(ExtensibilityGlobals) = postSolution
		SolutionGuid = {E235FE4E-CDFB-4D8B-AD9F-1EBA0C5F1A04}
	EndGlobalSection
EndGlobal
